{
  "name": "@jsonforms/examples-react",
  "version": "2.4.1-beta.0",
  "lockfileVersion": 1,
  "requires": true,
  "dependencies": {
    "@adobe/react-spectrum-ui": {
      "version": "1.0.1",
      "resolved": "https://registry.npmjs.org/@adobe/react-spectrum-ui/-/react-spectrum-ui-1.0.1.tgz",
      "integrity": "sha512-3RSX2hVWo4n7eUAkYBJmEySc5yfyWXLpQLiSKcOSGIXseD/1aUlPQxcYTdgj8gpRmJH7QghmoHeCjRviRfPXyg=="
    },
    "@adobe/react-spectrum-workflow": {
      "version": "1.0.1",
      "resolved": "https://registry.npmjs.org/@adobe/react-spectrum-workflow/-/react-spectrum-workflow-1.0.1.tgz",
      "integrity": "sha512-5BM+oJyP4vjmqAV/HSJYLJzR3wDDbEOMUZEEVeKJ81cKyq0aJ6qF9A9tmsW6jb/73cE7PpLr6vb+xqBqTOYsTw=="
    },
    "@babel/runtime": {
      "version": "7.12.5",
      "resolved": "https://registry.npmjs.org/@babel/runtime/-/runtime-7.12.5.tgz",
      "integrity": "sha512-plcc+hbExy3McchJCEQG3knOsuh3HH+Prx1P6cLIkET/0dLuQDEnrT+s27Axgc9bqfsmNUNHfscgMUdBpC9xfg==",
      "requires": {
        "regenerator-runtime": "^0.13.4"
      }
    },
    "@react-aria/button": {
      "version": "3.2.2",
      "resolved": "https://registry.npmjs.org/@react-aria/button/-/button-3.2.2.tgz",
      "integrity": "sha512-iXJo58ST06wnh2zNpnyVgEHY8QulVGDO9LQRfBg/v3ZIIu0FAzag7dTzSijeZpppFuWM197YrFYTEouPXzhk4w==",
      "requires": {
        "@babel/runtime": "^7.6.2",
        "@react-aria/focus": "^3.2.2",
        "@react-aria/i18n": "^3.1.2",
        "@react-aria/interactions": "^3.2.1",
        "@react-aria/utils": "^3.3.0",
        "@react-stately/toggle": "^3.2.1",
        "@react-types/button": "^3.2.1"
      }
    },
    "@react-aria/calendar": {
      "version": "file:react-aria-calendar-3.0.0-alpha.1.tgz",
      "integrity": "sha512-fo3lLUL13PCJDL/6hUGkST9VsmoNBRfOppBkg5TOSuhf1HNhCWQYkauMylzAw7fkaMqXgw9O+vorddHvrxMqkQ==",
      "requires": {
        "@babel/runtime": "^7.6.2",
        "@react-aria/i18n": "^3.1.0",
        "@react-aria/interactions": "^3.1.0",
        "@react-aria/live-announcer": "^3.0.0-alpha.1",
        "@react-aria/utils": "^3.1.0",
        "@react-stately/calendar": "^3.0.0-alpha.1",
        "@react-types/button": "^3.1.0",
        "@react-types/calendar": "^3.0.0-alpha.1",
        "@react-types/shared": "^3.1.0",
        "date-fns": "^1.30.1"
      }
    },
    "@react-aria/datepicker": {
      "version": "file:react-aria-datepicker-3.0.0-alpha.1.tgz",
      "integrity": "sha512-3rRHpfmUcz6R/8ek0MOwpufpWF6hT/RUdfGRwycnNLAHEUkCDLG+98EhO9qp3joX62P92uffnuh3qxq3ciShtw==",
      "requires": {
        "@babel/runtime": "^7.6.2",
        "@react-aria/focus": "^3.1.0",
        "@react-aria/i18n": "^3.1.0",
        "@react-aria/interactions": "^3.1.0",
        "@react-aria/spinbutton": "^3.0.0-alpha.1",
        "@react-aria/utils": "^3.1.0",
        "@react-stately/datepicker": "^3.0.0-alpha.1",
        "@react-types/button": "^3.1.0",
        "@react-types/datepicker": "^3.0.0-alpha.1",
        "@react-types/dialog": "^3.1.0",
        "@react-types/shared": "^3.1.0"
      }
    },
    "@react-aria/dialog": {
      "version": "3.1.2",
      "resolved": "https://registry.npmjs.org/@react-aria/dialog/-/dialog-3.1.2.tgz",
      "integrity": "sha512-CUHzLdcKxnQ1IpbJOJ3BIDe762QoTOFXZfDAheNiTi24ym85w7KkW7dnfJDK2+J5RY15c5KWooOZvTaBmIJ7Xw==",
      "requires": {
        "@babel/runtime": "^7.6.2",
        "@react-aria/focus": "^3.2.2",
        "@react-aria/utils": "^3.3.0",
        "@react-stately/overlays": "^3.1.1",
        "@react-types/dialog": "^3.3.0"
      }
    },
    "@react-aria/focus": {
      "version": "3.2.3",
      "resolved": "https://registry.npmjs.org/@react-aria/focus/-/focus-3.2.3.tgz",
      "integrity": "sha512-+OWmJMivrq3f8ApWihH1KJYqYj3rZV34YJORacBohcAsF1Qd1V1/P+w3dMkf24kV0wqAiWePCF1FwgnrL/rYzQ==",
      "requires": {
        "@babel/runtime": "^7.6.2",
        "@react-aria/interactions": "^3.3.0",
        "@react-aria/utils": "^3.4.0",
        "@react-types/shared": "^3.3.0",
        "clsx": "^1.1.1"
      }
    },
    "@react-aria/i18n": {
      "version": "3.1.3",
      "resolved": "https://registry.npmjs.org/@react-aria/i18n/-/i18n-3.1.3.tgz",
      "integrity": "sha512-0ph06pKPUaAk89SQUHeeMIBnoQXmbOqQcjRNZS2FCAspr1XTQsMEHOaWFKFx8QcabUmxNx3ptmxNgu4HpJ/g4g==",
      "requires": {
        "@babel/runtime": "^7.6.2",
        "@react-aria/ssr": "^3.0.1",
        "@react-types/shared": "^3.3.0",
        "intl-messageformat": "^2.2.0"
      }
    },
    "@react-aria/interactions": {
      "version": "3.3.1",
      "resolved": "https://registry.npmjs.org/@react-aria/interactions/-/interactions-3.3.1.tgz",
      "integrity": "sha512-9/P4pt4HvpA0RXG+qWSqVhptbQ1nmOAU47krJFLPZF5gAJRfQP4h/lLqK3vcIL2/Zr7TUpdcX8WtzDXo3qsMjA==",
      "requires": {
        "@babel/runtime": "^7.6.2",
        "@react-aria/utils": "^3.4.0",
        "@react-types/shared": "^3.3.0"
      }
    },
    "@react-aria/live-announcer": {
      "version": "file:react-aria-live-announcer-3.0.0-alpha.1.tgz",
      "integrity": "sha512-Zv59DsfPXoBtDqIWOln6EzEOaA3TCunqUr6CgBLCVe6hl7wUXB2pyLtPWo7UG4XJnv4HYXT9zrVMiy+i3E+xGw==",
      "requires": {
        "@babel/runtime": "^7.6.2",
        "@react-aria/utils": "^3.1.0",
        "@react-aria/visually-hidden": "^3.1.0"
      }
    },
    "@react-aria/overlays": {
      "version": "3.5.0",
      "resolved": "https://registry.npmjs.org/@react-aria/overlays/-/overlays-3.5.0.tgz",
      "integrity": "sha512-DEgROAtrVyLqgEyHMc4QECW0ncq/XLVnvMv6ntcazKtWAEiGfDZy1rxJs6OVPAtwx++zGKnxgZb66Z5o3lKjaA==",
      "requires": {
        "@babel/runtime": "^7.6.2",
        "@react-aria/i18n": "^3.1.3",
        "@react-aria/interactions": "^3.3.0",
        "@react-aria/utils": "^3.4.0",
        "@react-aria/visually-hidden": "^3.2.1",
        "@react-stately/overlays": "^3.1.1",
        "@react-types/button": "^3.2.1",
        "@react-types/overlays": "^3.3.0",
        "dom-helpers": "^3.3.1"
      }
    },
    "@react-aria/separator": {
      "version": "3.1.1",
      "resolved": "https://registry.npmjs.org/@react-aria/separator/-/separator-3.1.1.tgz",
      "integrity": "sha512-VbiqQsTtKKMjvMcPVWgTbDHzx7qMP3VFC+y9cEVajicMwRoO4bn7kJgcSzainXpWx70bhT5RW1mt84fzxMF+Lg==",
      "requires": {
        "@babel/runtime": "^7.6.2",
        "@react-aria/utils": "^3.3.0",
        "@react-types/shared": "^3.2.1"
      }
    },
    "@react-aria/spinbutton": {
      "version": "file:react-aria-spinbutton-3.0.0-alpha.1.tgz",
      "integrity": "sha512-eaedOZ+l3qHKikWezu5ZkA7gk1AZKB55D78fnDBv2nzf3gAbltn+tE2vbcwfd8IsxFjzjV7uG2zw6Ge6RgFbTg==",
      "requires": {
        "@babel/runtime": "^7.6.2",
        "@react-aria/live-announcer": "^3.0.0-alpha.1",
        "@react-aria/utils": "^3.0.2",
        "@react-types/button": "^3.0.2",
        "@react-types/shared": "^3.0.2"
      }
    },
    "@react-aria/ssr": {
      "version": "3.0.1",
      "resolved": "https://registry.npmjs.org/@react-aria/ssr/-/ssr-3.0.1.tgz",
      "integrity": "sha512-rweMNcSkUO4YkcmgFIoZFvgPyHN2P9DOjq3VOHnZ8SG3Y4TTvSY6Iv90KgzeEfmWCUqqt65FYH4JgrpGNToEMw==",
      "requires": {
        "@babel/runtime": "^7.6.2"
      }
    },
    "@react-aria/utils": {
      "version": "3.4.0",
      "resolved": "https://registry.npmjs.org/@react-aria/utils/-/utils-3.4.0.tgz",
      "integrity": "sha512-RPzEMKkPS3tZzLPH8MqDkZEgpzX4W8jCFQiFS2zCidXYVNxj9NaghZhxmMNOtv8j/4KaNCQL4Om9vVbxvo3p5g==",
      "requires": {
        "@babel/runtime": "^7.6.2",
        "@react-aria/ssr": "^3.0.1",
        "@react-types/shared": "^3.3.0",
        "clsx": "^1.1.1"
      }
    },
    "@react-aria/visually-hidden": {
      "version": "3.2.1",
      "resolved": "https://registry.npmjs.org/@react-aria/visually-hidden/-/visually-hidden-3.2.1.tgz",
      "integrity": "sha512-ba7bQD09MuzUghtPyrQoXHgQnRRfOu039roVKPz2em9gHD0Wy4ap2UPwlzx35KzNq6FdCzMDZeSZHSnUWlzKnw==",
      "requires": {
        "@babel/runtime": "^7.6.2",
        "@react-aria/interactions": "^3.2.1",
        "@react-aria/utils": "^3.3.0",
        "clsx": "^1.1.1"
      }
    },
    "@react-spectrum/button": {
      "version": "3.2.1",
      "resolved": "https://registry.npmjs.org/@react-spectrum/button/-/button-3.2.1.tgz",
      "integrity": "sha512-5tgz8+KUHP3zQijiZq5b9V8ZbbKdYaKUBowX/jQpRvL3pEzZv7liTzXVV9UdGjcB/65hOesOC5YQnzl6WvS/nQ==",
      "requires": {
        "@babel/runtime": "^7.6.2",
        "@react-aria/button": "^3.2.2",
        "@react-aria/focus": "^3.2.2",
        "@react-aria/interactions": "^3.2.1",
        "@react-aria/utils": "^3.3.0",
        "@react-spectrum/text": "^3.1.1",
        "@react-spectrum/utils": "^3.3.0",
        "@react-stately/toggle": "^3.2.1",
        "@react-types/button": "^3.2.1",
        "@react-types/shared": "^3.2.1",
        "@spectrum-icons/ui": "^3.2.0"
      }
    },
    "@react-spectrum/buttongroup": {
      "version": "3.1.2",
      "resolved": "https://registry.npmjs.org/@react-spectrum/buttongroup/-/buttongroup-3.1.2.tgz",
      "integrity": "sha512-kNgC2MHwzAarc1apEJHIQmzC50VKhWUmcLIKIPG1CCB65Z5sOcQHECfmS5dh4PVQZEzwfks7BSXM+AAmwvXHxg==",
      "requires": {
        "@babel/runtime": "^7.6.2",
        "@react-aria/utils": "^3.3.0",
        "@react-spectrum/button": "^3.2.1",
        "@react-spectrum/text": "^3.1.1",
        "@react-spectrum/utils": "^3.3.0",
        "@react-types/buttongroup": "^3.1.1",
        "@react-types/shared": "^3.2.1"
      }
    },
    "@react-spectrum/calendar": {
      "version": "file:react-spectrum-calendar-3.0.0-alpha.1.tgz",
      "integrity": "sha512-yVuXY2yoafuwthYK7OL3gMARyPI1fQGpTY3mc6Zz715CULpMS4UWDumO7pNzA/Nsun6AocnF8GWf1h85pyWXkA==",
      "requires": {
        "@babel/runtime": "^7.6.2",
        "@react-aria/calendar": "^3.0.0-alpha.1",
        "@react-aria/focus": "^3.1.0",
        "@react-aria/i18n": "^3.1.0",
        "@react-aria/interactions": "^3.1.0",
        "@react-aria/visually-hidden": "^3.1.0",
        "@react-spectrum/button": "^3.1.0",
        "@react-spectrum/utils": "^3.1.0",
        "@react-stately/calendar": "^3.0.0-alpha.1",
        "@react-types/calendar": "^3.0.0-alpha.1",
        "@react-types/shared": "^3.1.0",
        "@spectrum-icons/ui": "^3.1.0",
        "date-fns": "^1.30.1"
      }
    },
    "@react-spectrum/datepicker": {
      "version": "file:react-spectrum-datepicker-3.0.0-alpha.1.tgz",
      "integrity": "sha512-sl4NL3DErEhXdecz3uJsR34bLoPo/e32Mg18qUYAR/m0I9UvzHlXYA/MntTgmijJzrXyyU3fWx2CC6ezg/tjlA==",
      "requires": {
        "@babel/runtime": "^7.6.2",
        "@react-aria/datepicker": "^3.0.0-alpha.1",
        "@react-aria/focus": "^3.1.0",
        "@react-aria/i18n": "^3.1.0",
        "@react-aria/interactions": "^3.1.0",
        "@react-aria/utils": "^3.1.0",
        "@react-spectrum/button": "^3.1.0",
        "@react-spectrum/calendar": "^3.0.0-alpha.1",
        "@react-spectrum/dialog": "^3.1.0",
        "@react-spectrum/utils": "^3.1.0",
        "@react-stately/datepicker": "^3.0.0-alpha.1",
        "@react-types/datepicker": "^3.0.0-alpha.1",
        "@spectrum-icons/ui": "^3.1.0",
        "@spectrum-icons/workflow": "^3.1.0",
        "date-fns": "^1.30.1"
      },
      "dependencies": {
        "@spectrum-icons/workflow": {
          "version": "3.2.0",
          "resolved": "https://registry.npmjs.org/@spectrum-icons/workflow/-/workflow-3.2.0.tgz",
          "integrity": "sha512-DCmyyLMfsAL5OpEzsfwBCeoGNcYgnh2vi8bPjBg+Wp/PTAD3RGERc8Len9KDwjntgwLsT8TVPMc5aqFfoWUFRw==",
          "requires": {
            "@adobe/react-spectrum-workflow": "^1.0.0",
            "@react-spectrum/icon": "^3.2.0"
          }
        }
      }
    },
    "@react-spectrum/dialog": {
      "version": "3.3.0",
      "resolved": "https://registry.npmjs.org/@react-spectrum/dialog/-/dialog-3.3.0.tgz",
      "integrity": "sha512-UI6W2mwc2BTfi4kFswFzuCCWdUU2lIyIwEq4st569ljFO4GXlf3CnLPgsDdAW7x5R70BCHjCiUVaheC9mMrxyA==",
      "requires": {
        "@babel/runtime": "^7.6.2",
        "@react-aria/dialog": "^3.1.2",
        "@react-aria/focus": "^3.2.2",
        "@react-aria/i18n": "^3.1.2",
        "@react-aria/interactions": "^3.2.1",
        "@react-aria/overlays": "^3.4.0",
        "@react-aria/utils": "^3.3.0",
        "@react-spectrum/button": "^3.2.1",
        "@react-spectrum/buttongroup": "^3.1.2",
        "@react-spectrum/divider": "^3.1.1",
        "@react-spectrum/layout": "^3.1.3",
        "@react-spectrum/overlays": "^3.2.2",
        "@react-spectrum/text": "^3.1.1",
        "@react-spectrum/utils": "^3.3.0",
        "@react-spectrum/view": "^3.1.1",
        "@react-stately/overlays": "^3.1.1",
        "@react-stately/utils": "^3.1.1",
        "@react-types/button": "^3.2.1",
        "@react-types/dialog": "^3.3.0",
        "@react-types/shared": "^3.2.1",
        "@spectrum-icons/ui": "^3.2.0"
      }
    },
    "@react-spectrum/divider": {
      "version": "3.1.1",
      "resolved": "https://registry.npmjs.org/@react-spectrum/divider/-/divider-3.1.1.tgz",
      "integrity": "sha512-OEtBFvQ13I6MTYs6ZyPTSNjLWnu2lnARJkBC9riTBPE079OqRdiFdaWp8olrdS+Wvqq+zPqa6NqDytQg8Rgfnw==",
      "requires": {
        "@babel/runtime": "^7.6.2",
        "@react-aria/separator": "^3.1.1",
        "@react-spectrum/utils": "^3.3.0",
        "@react-types/divider": "^3.1.1",
        "@react-types/shared": "^3.2.1"
      }
    },
    "@react-spectrum/icon": {
      "version": "3.3.0",
      "resolved": "https://registry.npmjs.org/@react-spectrum/icon/-/icon-3.3.0.tgz",
      "integrity": "sha512-5Be/PISgn9LLopIGoz3m9zu9G58J69f+cgwOEE+VOK0koVztzzFalRCNo3VXvtQJH4tcTCwNFUs+osrbH5CQag==",
      "requires": {
        "@babel/runtime": "^7.6.2",
        "@react-aria/utils": "^3.4.0",
        "@react-spectrum/utils": "^3.4.0",
        "@react-types/shared": "^3.3.0"
      }
    },
    "@react-spectrum/layout": {
      "version": "3.1.3",
      "resolved": "https://registry.npmjs.org/@react-spectrum/layout/-/layout-3.1.3.tgz",
      "integrity": "sha512-P3JnQb0mblMbUiMt5b5DYe3urtlZ97JHSiKMkumwkuLAWGrf6DMoyi50Si0WjHnKVI4UPuqOmaeGZbMXAxbRaQ==",
      "requires": {
        "@babel/runtime": "^7.6.2",
        "@react-aria/ssr": "^3.0.1",
        "@react-aria/utils": "^3.3.0",
        "@react-spectrum/utils": "^3.3.0",
        "@react-types/layout": "^3.1.1",
        "@react-types/shared": "^3.2.1",
        "clsx": "^1.1.1"
      }
    },
    "@react-spectrum/overlays": {
      "version": "3.3.0",
      "resolved": "https://registry.npmjs.org/@react-spectrum/overlays/-/overlays-3.3.0.tgz",
      "integrity": "sha512-Roy01JP5BkQOs96QpXiseLcHUZianOaKxdGzVZF6UBNI7B+6QzF5GCgJ1pWgVUcGYsjJFG6soWrqeNMZQXoUsA==",
      "requires": {
        "@babel/runtime": "^7.6.2",
        "@react-aria/overlays": "^3.5.0",
        "@react-aria/utils": "^3.4.0",
        "@react-spectrum/utils": "^3.4.0",
        "@react-stately/overlays": "^3.1.1",
        "@react-types/overlays": "^3.3.0",
        "@react-types/shared": "^3.3.0",
        "react-transition-group": "^2.2.0"
      }
    },
    "@react-spectrum/text": {
      "version": "3.1.1",
      "resolved": "https://registry.npmjs.org/@react-spectrum/text/-/text-3.1.1.tgz",
      "integrity": "sha512-mJ6q57xCEYEgfjjwqAMqy/KXzaD2YyQgk7a72EV/dTqJcQB9Qmrz37oAC41Z1vnDA7XdMNctKpVnak0lC5uMYg==",
      "requires": {
        "@babel/runtime": "^7.6.2",
        "@react-aria/utils": "^3.3.0",
        "@react-spectrum/utils": "^3.3.0",
        "@react-types/shared": "^3.2.1",
        "@react-types/text": "^3.1.1"
      }
    },
    "@react-spectrum/utils": {
      "version": "3.4.0",
      "resolved": "https://registry.npmjs.org/@react-spectrum/utils/-/utils-3.4.0.tgz",
      "integrity": "sha512-jx+m+0dIvpCBn8hIVThW0rBoOc0z2O99CKOOole1aZgos15pSZEn93pFdmxrVaUldBan0gWd15yVSfgKCXUp6A==",
      "requires": {
        "@babel/runtime": "^7.6.2",
        "@react-aria/i18n": "^3.1.3",
        "@react-aria/ssr": "^3.0.1",
        "@react-aria/utils": "^3.4.0",
        "@react-types/shared": "^3.3.0",
        "clsx": "^1.1.1"
      }
    },
    "@react-spectrum/view": {
      "version": "3.1.1",
      "resolved": "https://registry.npmjs.org/@react-spectrum/view/-/view-3.1.1.tgz",
      "integrity": "sha512-7C8Iv7sYw6khUYnsp2SfG2ChJxfoljBMtC3r8t0Jjwq5dvJ7ZtLJnH0VTy/rikIDK8kbGpWsiBoHPoO4YozdVw==",
      "requires": {
        "@babel/runtime": "^7.6.2",
        "@react-aria/i18n": "^3.1.2",
        "@react-aria/utils": "^3.3.0",
        "@react-spectrum/utils": "^3.3.0",
        "@react-types/shared": "^3.2.1",
        "@react-types/view": "^3.1.1"
      }
    },
    "@react-stately/calendar": {
      "version": "file:react-stately-calendar-3.0.0-alpha.1.tgz",
      "integrity": "sha512-oV+XjyCzY8WJPzzexRlIbvrGvGCtIAOgP9uMWbM8KyBfyC69HKoS3cX7NrTitvz3n44pzJj91/K/cH3FBXkv4Q==",
      "requires": {
        "@babel/runtime": "^7.6.2",
        "@react-aria/i18n": "^3.1.0",
        "@react-stately/utils": "^3.1.0",
        "@react-types/calendar": "^3.0.0-alpha.1",
        "@react-types/datepicker": "3.0.0-alpha.1",
        "@react-types/shared": "^3.1.0",
        "date-fns": "^1.30.1"
      }
    },
    "@react-stately/datepicker": {
      "version": "file:react-stately-datepicker-3.0.0-alpha.1.tgz",
      "integrity": "sha512-IKlIzDvebMu3RhR4yXTS2rticoudNQAAf6XZJXeXkD+4KgrpQtqyCAPeUZVAycjNhx3NfTRsbTceVLcKL29RMg==",
      "requires": {
        "@babel/runtime": "^7.6.2",
        "@react-aria/i18n": "^3.1.0",
        "@react-stately/utils": "^3.1.0",
        "@react-types/datepicker": "^3.0.0-alpha.1",
        "@react-types/shared": "^3.1.0",
        "date-fns": "^1.30.1"
      }
    },
    "@react-stately/overlays": {
      "version": "3.1.1",
      "resolved": "https://registry.npmjs.org/@react-stately/overlays/-/overlays-3.1.1.tgz",
      "integrity": "sha512-79YYXvmWKflezNPhc4fvXA1rDZurZvvEJcmbStNlR5Ryrnk/sQiOQCoVWooi2M4glSMT3UOTvD7YEnXxARcuIQ==",
      "requires": {
        "@babel/runtime": "^7.6.2",
        "@react-stately/utils": "^3.1.1",
        "@react-types/overlays": "^3.2.1"
      }
    },
    "@react-stately/toggle": {
      "version": "3.2.1",
      "resolved": "https://registry.npmjs.org/@react-stately/toggle/-/toggle-3.2.1.tgz",
      "integrity": "sha512-gZVuJ8OYoATUoXzdprsyx6O1w3wCrN+J0KnjhrjjKTrBG68n3pZH0p6dM0XpsaCzlSv0UgNa4fhHS3dYfr/ovw==",
      "requires": {
        "@babel/runtime": "^7.6.2",
        "@react-stately/utils": "^3.1.1",
        "@react-types/checkbox": "^3.2.1",
        "@react-types/shared": "^3.2.1"
      }
    },
    "@react-stately/utils": {
      "version": "3.1.1",
      "resolved": "https://registry.npmjs.org/@react-stately/utils/-/utils-3.1.1.tgz",
      "integrity": "sha512-htG4TicI4SKxfD5sEKYGxlMeQ5/+TuWPtnhRMbRqdmqnfkVxO/PoaQeEF+xUMWM9VCZc69ZFH6Qen1eZ/JfFcQ==",
      "requires": {
        "@babel/runtime": "^7.6.2"
      }
    },
    "@react-types/button": {
      "version": "3.2.1",
      "resolved": "https://registry.npmjs.org/@react-types/button/-/button-3.2.1.tgz",
      "integrity": "sha512-k4pyQ01Unkr+Jx5tGESSsbqDXID7s/sEXZbrT+JPx/3Ot4Du86mGjlDIOChd7Iq1koGBirJuGY8X5nk4zCUvdg==",
      "requires": {
        "@react-types/shared": "^3.2.1"
      }
    },
    "@react-types/buttongroup": {
      "version": "3.1.1",
      "resolved": "https://registry.npmjs.org/@react-types/buttongroup/-/buttongroup-3.1.1.tgz",
      "integrity": "sha512-xGfJqpyTdVz+dgb6+C16aDR2jd7lykhY9yYLWpGpmD+JY63o1mx+tNyisgMkYrOxa36mDgIABylRwFgX5HHshw==",
      "requires": {
        "@react-types/shared": "^3.2.1"
      }
    },
    "@react-types/calendar": {
      "version": "file:react-types-calendar-3.0.0-alpha.1.tgz",
      "integrity": "sha512-zvdsWku17Ef5seeHpye3GUqYhwzzPAgus3bJvhEVFHniElWrF58PwaOQapfWwj4Qq0hfwphuL4HV8nTjE5VxMg==",
      "requires": {
        "@react-types/shared": "^3.1.0"
      }
    },
    "@react-types/checkbox": {
      "version": "3.2.1",
      "resolved": "https://registry.npmjs.org/@react-types/checkbox/-/checkbox-3.2.1.tgz",
      "integrity": "sha512-nm/j8JQWAayFEvs5Hicf9/DBrdnc/CwbXQtN3dC+ehERFu9BtxP6Bt6p7qmhvAJtuUnTh85+zY148BITiyQYtQ==",
      "requires": {
        "@react-types/shared": "^3.2.1"
      }
    },
    "@react-types/datepicker": {
      "version": "file:react-types-datepicker-3.0.0-alpha.1.tgz",
      "integrity": "sha512-TVJDZlo7dir/EsgZ+vE0gN+f4lymfkCWG6blCmf3TyGiGeW/xCFn7KM32ZDwXAFdBW+l0CvE27AArr7R1htaHw==",
      "requires": {
        "@react-types/shared": "^3.1.0"
      }
    },
    "@react-types/dialog": {
      "version": "3.3.0",
      "resolved": "https://registry.npmjs.org/@react-types/dialog/-/dialog-3.3.0.tgz",
      "integrity": "sha512-63Vsr/UOZiaajlNDQUgWDi6v3EMenV1f8Cwh+L4lcyIJnbC6WeC2VEV3ld/TYVC0U58SQ0k7u2EIyHkWjc5kdQ==",
      "requires": {
        "@react-types/overlays": "^3.2.1",
        "@react-types/shared": "^3.2.1"
      }
    },
    "@react-types/divider": {
      "version": "3.1.1",
      "resolved": "https://registry.npmjs.org/@react-types/divider/-/divider-3.1.1.tgz",
      "integrity": "sha512-DUzK7nMWsq+JrP9+0Ra3Ut3zmOKo3AtP4msIx/RzPMx9iCAqqdbGifkF4c9/QAA+hrFSDB++IHnKub6YKFSoxA==",
      "requires": {
        "@react-types/shared": "^3.2.1"
      }
    },
    "@react-types/layout": {
      "version": "3.1.1",
      "resolved": "https://registry.npmjs.org/@react-types/layout/-/layout-3.1.1.tgz",
      "integrity": "sha512-4UDj/I4r2SvIpDI7ejsmf8WZUbtAG6NxuwFNm0jo1C8LRKEqf79PEUzi7h7Fqd23gL/eOwzQ4DMDacWKxeKqhw==",
      "requires": {
        "@react-types/shared": "^3.2.1"
      }
    },
    "@react-types/overlays": {
      "version": "3.3.0",
      "resolved": "https://registry.npmjs.org/@react-types/overlays/-/overlays-3.3.0.tgz",
      "integrity": "sha512-ybLC9x14VZXzY2hl5RgHqSmc8KYuVIXwNaDDtXUDC+KrYcCdDVcZCIJtbPb+TiJf8W40t0kWbUyU2Pc0mfkANA==",
      "requires": {
        "@react-types/shared": "^3.3.0"
      }
    },
    "@react-types/shared": {
      "version": "3.3.0",
      "resolved": "https://registry.npmjs.org/@react-types/shared/-/shared-3.3.0.tgz",
      "integrity": "sha512-i/OJplVPIHVok0Bu2Hn9pmz6eyULq2ao6pG/Is8YoDzp33SzumOtXxumgYcaXMJ7wBd2RgPd532m3+RnOY0ndg=="
    },
    "@react-types/text": {
      "version": "3.1.1",
      "resolved": "https://registry.npmjs.org/@react-types/text/-/text-3.1.1.tgz",
      "integrity": "sha512-k5X7y1lhQVDUjhsvZ2ZkfUZB9D6/xenoJ7VzQne5Cdn23QkllAcWZpw3R4cCGYaFx6RxYhYzpsEoOeLFGtP5Tg==",
      "requires": {
        "@react-types/shared": "^3.2.1"
      }
    },
    "@react-types/view": {
      "version": "3.1.1",
      "resolved": "https://registry.npmjs.org/@react-types/view/-/view-3.1.1.tgz",
      "integrity": "sha512-D2/Krv3tSfTC2eU5VqVLE3w/FNmKLmdwDdwX4RrHALsUN7BHtCmlei3atnw3S7bCg6cWX+kgdTfaR0SOZw8u1A==",
      "requires": {
        "@react-types/shared": "^3.2.1"
      }
    },
    "@spectrum-icons/ui": {
      "version": "3.2.0",
      "resolved": "https://registry.npmjs.org/@spectrum-icons/ui/-/ui-3.2.0.tgz",
      "integrity": "sha512-ez0Eu+fQAuE3B1Om5Dj3V+5wHNrUtbQpb3+27d4QsUbsUs0f0vcdEGO5P1UpA/1nEl1XF9gPcMpLX4B+c8/eDQ==",
      "requires": {
        "@adobe/react-spectrum-ui": "^1.0.0",
        "@react-spectrum/icon": "^3.2.0"
      }
    },
    "clsx": {
      "version": "1.1.1",
      "resolved": "https://registry.npmjs.org/clsx/-/clsx-1.1.1.tgz",
      "integrity": "sha512-6/bPho624p3S2pMyvP5kKBPXnI3ufHLObBFCfgx+LkeR5lg2XYy2hqZqUf45ypD8COn2bhgGJSUE+l5dhNBieA=="
    },
    "date-fns": {
      "version": "1.30.1",
      "resolved": "https://registry.npmjs.org/date-fns/-/date-fns-1.30.1.tgz",
      "integrity": "sha512-hBSVCvSmWC+QypYObzwGOd9wqdDpOt+0wl0KbU+R+uuZBS1jN8VsD1ss3irQDknRj5NvxiTF6oj/nDRnN/UQNw=="
    },
    "dom-helpers": {
      "version": "3.4.0",
      "resolved": "https://registry.npmjs.org/dom-helpers/-/dom-helpers-3.4.0.tgz",
      "integrity": "sha512-LnuPJ+dwqKDIyotW1VzmOZ5TONUN7CwkCR5hrgawTUbkBGYdeoNLZo6nNfGkCrjtE1nXXaj7iMMpDa8/d9WoIA==",
      "requires": {
        "@babel/runtime": "^7.1.2"
      }
    },
    "intl-messageformat": {
      "version": "2.2.0",
      "resolved": "https://registry.npmjs.org/intl-messageformat/-/intl-messageformat-2.2.0.tgz",
      "integrity": "sha1-NFvNRt5jC3aDMwwuUhd/9eq0hPw=",
      "requires": {
        "intl-messageformat-parser": "1.4.0"
      }
    },
    "intl-messageformat-parser": {
      "version": "1.4.0",
      "resolved": "https://registry.npmjs.org/intl-messageformat-parser/-/intl-messageformat-parser-1.4.0.tgz",
      "integrity": "sha1-tD1FqXRoytvkQzHXS7Ho3qRPwHU="
    },
    "js-tokens": {
      "version": "4.0.0",
      "resolved": "https://registry.npmjs.org/js-tokens/-/js-tokens-4.0.0.tgz",
      "integrity": "sha512-RdJUflcE3cUzKiMqQgsCu06FPu9UdIJO0beYbPhHN4k6apgJtifcoCtT9bcxOpYBtpD2kCM6Sbzg4CausW/PKQ=="
    },
    "loose-envify": {
      "version": "1.4.0",
      "resolved": "https://registry.npmjs.org/loose-envify/-/loose-envify-1.4.0.tgz",
      "integrity": "sha512-lyuxPGr/Wfhrlem2CL/UcnUc1zcqKAImBDzukY7Y5F/yQiNdko6+fRLevlw1HgMySw7f611UIY408EtxRSoK3Q==",
      "requires": {
        "js-tokens": "^3.0.0 || ^4.0.0"
      }
    },
    "object-assign": {
      "version": "4.1.1",
      "resolved": "https://registry.npmjs.org/object-assign/-/object-assign-4.1.1.tgz",
      "integrity": "sha1-IQmtx5ZYh8/AXLvUQsrIv7s2CGM="
    },
    "prop-types": {
      "version": "15.7.2",
      "resolved": "https://registry.npmjs.org/prop-types/-/prop-types-15.7.2.tgz",
      "integrity": "sha512-8QQikdH7//R2vurIJSutZ1smHYTcLpRWEOlHnzcWHmBYrOGUysKwSsrC89BCiFj3CbrfJ/nXFdJepOVrY1GCHQ==",
      "requires": {
        "loose-envify": "^1.4.0",
        "object-assign": "^4.1.1",
        "react-is": "^16.8.1"
      }
    },
    "react-is": {
      "version": "16.13.1",
      "resolved": "https://registry.npmjs.org/react-is/-/react-is-16.13.1.tgz",
      "integrity": "sha512-24e6ynE2H+OKt4kqsOvNd8kBpV65zoxbA4BVsEOB3ARVWQki/DHzaUoC5KuON/BiccDaCCTZBuOcfZs70kR8bQ=="
    },
    "react-lifecycles-compat": {
      "version": "3.0.4",
      "resolved": "https://registry.npmjs.org/react-lifecycles-compat/-/react-lifecycles-compat-3.0.4.tgz",
      "integrity": "sha512-fBASbA6LnOU9dOU2eW7aQ8xmYBSXUIWr+UmF9b1efZBazGNO+rcXT/icdKnYm2pTwcRylVUYwW7H1PHfLekVzA=="
    },
    "react-transition-group": {
      "version": "2.9.0",
      "resolved": "https://registry.npmjs.org/react-transition-group/-/react-transition-group-2.9.0.tgz",
      "integrity": "sha512-+HzNTCHpeQyl4MJ/bdE0u6XRMe9+XG/+aL4mCxVN4DnPBQ0/5bfHWPDuOZUzYdMj94daZaZdCCc1Dzt9R/xSSg==",
      "requires": {
        "dom-helpers": "^3.4.0",
        "loose-envify": "^1.4.0",
        "prop-types": "^15.6.2",
        "react-lifecycles-compat": "^3.0.4"
      }
    },
    "regenerator-runtime": {
      "version": "0.13.7",
      "resolved": "https://registry.npmjs.org/regenerator-runtime/-/regenerator-runtime-0.13.7.tgz",
      "integrity": "sha512-a54FxoJDIr27pgf7IgeQGxmqUNYrcV338lf/6gH456HZ/PhX+5BcwHXG9ajESmwe6WRO0tAzRUrRmNONWgkrew=="
    }
  }
}
