{
  "name": "@jsonforms/examples-react",
  "version": "2.4.1-beta.0",
  "lockfileVersion": 1,
  "requires": true,
  "dependencies": {
    "@babel/runtime": {
      "version": "7.11.2",
      "resolved": "https://registry.npmjs.org/@babel/runtime/-/runtime-7.11.2.tgz",
      "integrity": "sha512-TeWkU52so0mPtDcaCTxNBI/IHiz0pZgr8VEFqXFtZWpYD08ZB6FaSwVAS8MKRQAP3bYKiVjwysOJgMFY28o6Tw==",
      "requires": {
        "regenerator-runtime": "^0.13.4"
      }
    },
    "@emotion/hash": {
      "version": "0.8.0",
      "resolved": "https://registry.npmjs.org/@emotion/hash/-/hash-0.8.0.tgz",
      "integrity": "sha512-kBJtf7PH6aWwZ6fka3zQ0p6SBYzx4fl1LoZXE2RrnYST9Xljm7WfKJrU4g/Xr3Beg72MLrp1AWNUmuYJTL7Cow=="
    },
    "@jsonforms/core": {
      "version": "2.4.0",
      "resolved": "https://registry.npmjs.org/@jsonforms/core/-/core-2.4.0.tgz",
      "integrity": "sha512-x/3aCScsGa/QyTuQC2EO6uleGqf8SkMRcvpH209Jg+NE8poaq3ZOnOoygnQRmql4ay/ciwOJiaidImESjcDPrg==",
      "requires": {
        "@types/json-schema": "^7.0.3",
        "ajv": "^6.10.2",
        "json-schema-ref-parser": "7.1.3",
        "lodash": "^4.17.15",
        "uri-js": "^4.2.2",
        "uuid": "^3.3.3"
      }
    },
    "@jsonforms/examples": {
      "version": "2.4.0",
      "resolved": "https://registry.npmjs.org/@jsonforms/examples/-/examples-2.4.0.tgz",
      "integrity": "sha512-O+l3dgxp82N0JaRJGFrLTgRp9VM0ehLyGQdj+PFc45CpIpOMrritq6KHYdZQtukhYyVlFdTBjip3tM1fJcqlRw==",
      "requires": {
        "@jsonforms/core": "^2.4.0",
        "ajv-i18n": "^3.5.0",
        "redux": "^4.0.4"
      },
      "dependencies": {
        "@jsonforms/core": {
          "version": "2.4.0",
          "resolved": "https://registry.npmjs.org/@jsonforms/core/-/core-2.4.0.tgz",
          "integrity": "sha512-x/3aCScsGa/QyTuQC2EO6uleGqf8SkMRcvpH209Jg+NE8poaq3ZOnOoygnQRmql4ay/ciwOJiaidImESjcDPrg==",
          "requires": {
            "@types/json-schema": "^7.0.3",
            "ajv": "^6.10.2",
            "json-schema-ref-parser": "7.1.3",
            "lodash": "^4.17.15",
            "uri-js": "^4.2.2",
            "uuid": "^3.3.3"
          }
        }
      }
    },
    "@jsonforms/react": {
      "version": "2.4.0",
      "resolved": "https://registry.npmjs.org/@jsonforms/react/-/react-2.4.0.tgz",
      "integrity": "sha512-JPJU9+YO4wBtw5lYkh6zzbXPB+n0x1b9XoX4aTHZnFKndab2djEHjkY/WKlTxW+bYFVkFbNtyggoCL26iX0DkQ==",
      "requires": {
        "@types/object-hash": "^1.3.0",
        "@types/react": "^16.9.13",
        "@types/react-redux": "^7.1.5",
        "lodash": "^4.17.15",
        "object-hash": "^2.0.0"
      }
    },
    "@material-ui/core": {
      "version": "4.11.0",
      "resolved": "https://registry.npmjs.org/@material-ui/core/-/core-4.11.0.tgz",
      "integrity": "sha512-bYo9uIub8wGhZySHqLQ833zi4ZML+XCBE1XwJ8EuUVSpTWWG57Pm+YugQToJNFsEyiKFhPh8DPD0bgupz8n01g==",
      "requires": {
        "@babel/runtime": "^7.4.4",
        "@material-ui/styles": "^4.10.0",
        "@material-ui/system": "^4.9.14",
        "@material-ui/types": "^5.1.0",
        "@material-ui/utils": "^4.10.2",
        "@types/react-transition-group": "^4.2.0",
        "clsx": "^1.0.4",
        "hoist-non-react-statics": "^3.3.2",
        "popper.js": "1.16.1-lts",
        "prop-types": "^15.7.2",
        "react-is": "^16.8.0",
        "react-transition-group": "^4.4.0"
      }
    },
    "@material-ui/styles": {
      "version": "4.10.0",
      "resolved": "https://registry.npmjs.org/@material-ui/styles/-/styles-4.10.0.tgz",
      "integrity": "sha512-XPwiVTpd3rlnbfrgtEJ1eJJdFCXZkHxy8TrdieaTvwxNYj42VnnCyFzxYeNW9Lhj4V1oD8YtQ6S5Gie7bZDf7Q==",
      "requires": {
        "@babel/runtime": "^7.4.4",
        "@emotion/hash": "^0.8.0",
        "@material-ui/types": "^5.1.0",
        "@material-ui/utils": "^4.9.6",
        "clsx": "^1.0.4",
        "csstype": "^2.5.2",
        "hoist-non-react-statics": "^3.3.2",
        "jss": "^10.0.3",
        "jss-plugin-camel-case": "^10.0.3",
        "jss-plugin-default-unit": "^10.0.3",
        "jss-plugin-global": "^10.0.3",
        "jss-plugin-nested": "^10.0.3",
        "jss-plugin-props-sort": "^10.0.3",
        "jss-plugin-rule-value-function": "^10.0.3",
        "jss-plugin-vendor-prefixer": "^10.0.3",
        "prop-types": "^15.7.2"
      }
    },
    "@material-ui/system": {
      "version": "4.9.14",
      "resolved": "https://registry.npmjs.org/@material-ui/system/-/system-4.9.14.tgz",
      "integrity": "sha512-oQbaqfSnNlEkXEziDcJDDIy8pbvwUmZXWNqlmIwDqr/ZdCK8FuV3f4nxikUh7hvClKV2gnQ9djh5CZFTHkZj3w==",
      "requires": {
        "@babel/runtime": "^7.4.4",
        "@material-ui/utils": "^4.9.6",
        "csstype": "^2.5.2",
        "prop-types": "^15.7.2"
      }
    },
    "@material-ui/types": {
      "version": "5.1.0",
      "resolved": "https://registry.npmjs.org/@material-ui/types/-/types-5.1.0.tgz",
      "integrity": "sha512-7cqRjrY50b8QzRSYyhSpx4WRw2YuO0KKIGQEVk5J8uoz2BanawykgZGoWEqKm7pVIbzFDN0SpPcVV4IhOFkl8A=="
    },
    "@material-ui/utils": {
      "version": "4.10.2",
      "resolved": "https://registry.npmjs.org/@material-ui/utils/-/utils-4.10.2.tgz",
      "integrity": "sha512-eg29v74P7W5r6a4tWWDAAfZldXIzfyO1am2fIsC39hdUUHm/33k6pGOKPbgDjg/U/4ifmgAePy/1OjkKN6rFRw==",
      "requires": {
        "@babel/runtime": "^7.4.4",
        "prop-types": "^15.7.2",
        "react-is": "^16.8.0"
      }
    },
    "@types/hoist-non-react-statics": {
      "version": "3.3.1",
      "resolved": "https://registry.npmjs.org/@types/hoist-non-react-statics/-/hoist-non-react-statics-3.3.1.tgz",
      "integrity": "sha512-iMIqiko6ooLrTh1joXodJK5X9xeEALT1kM5G3ZLhD3hszxBdIEd5C75U834D9mLcINgD4OyZf5uQXjkuYydWvA==",
      "requires": {
        "@types/react": "*",
        "hoist-non-react-statics": "^3.3.0"
      }
    },
    "@types/json-schema": {
      "version": "7.0.6",
      "resolved": "https://registry.npmjs.org/@types/json-schema/-/json-schema-7.0.6.tgz",
      "integrity": "sha512-3c+yGKvVP5Y9TYBEibGNR+kLtijnj7mYrXRg+WpFb2X9xm04g/DXYkfg4hmzJQosc9snFNUPkbYIhu+KAm6jJw=="
    },
    "@types/object-hash": {
      "version": "1.3.3",
      "resolved": "https://registry.npmjs.org/@types/object-hash/-/object-hash-1.3.3.tgz",
      "integrity": "sha512-75t+H8u2IU1zJPPqezkGLP4YxDlj8tx7H9SgYOT1G61NjJUUEELu1Lp7RKQKXhW+FL8nV7XyD/cNFAtrKGViYQ=="
    },
    "@types/prop-types": {
      "version": "15.7.3",
      "resolved": "https://registry.npmjs.org/@types/prop-types/-/prop-types-15.7.3.tgz",
      "integrity": "sha512-KfRL3PuHmqQLOG+2tGpRO26Ctg+Cq1E01D2DMriKEATHgWLfeNDmq9e29Q9WIky0dQ3NPkd1mzYH8Lm936Z9qw=="
    },
    "@types/react": {
      "version": "16.9.49",
      "resolved": "https://registry.npmjs.org/@types/react/-/react-16.9.49.tgz",
      "integrity": "sha512-DtLFjSj0OYAdVLBbyjhuV9CdGVHCkHn2R+xr3XkBvK2rS1Y1tkc14XSGjYgm5Fjjr90AxH9tiSzc1pCFMGO06g==",
      "requires": {
        "@types/prop-types": "*",
        "csstype": "^3.0.2"
      },
      "dependencies": {
        "csstype": {
          "version": "3.0.3",
          "resolved": "https://registry.npmjs.org/csstype/-/csstype-3.0.3.tgz",
          "integrity": "sha512-jPl+wbWPOWJ7SXsWyqGRk3lGecbar0Cb0OvZF/r/ZU011R4YqiRehgkQ9p4eQfo9DSDLqLL3wHwfxeJiuIsNag=="
        }
      }
    },
    "@types/react-redux": {
      "version": "7.1.9",
      "resolved": "https://registry.npmjs.org/@types/react-redux/-/react-redux-7.1.9.tgz",
      "integrity": "sha512-mpC0jqxhP4mhmOl3P4ipRsgTgbNofMRXJb08Ms6gekViLj61v1hOZEKWDCyWsdONr6EjEA6ZHXC446wdywDe0w==",
      "requires": {
        "@types/hoist-non-react-statics": "^3.3.0",
        "@types/react": "*",
        "hoist-non-react-statics": "^3.3.0",
        "redux": "^4.0.0"
      }
    },
    "@types/react-transition-group": {
      "version": "4.4.0",
      "resolved": "https://registry.npmjs.org/@types/react-transition-group/-/react-transition-group-4.4.0.tgz",
      "integrity": "sha512-/QfLHGpu+2fQOqQaXh8MG9q03bFENooTb/it4jr5kKaZlDQfWvjqWZg48AwzPVMBHlRuTRAY7hRHCEOXz5kV6w==",
      "requires": {
        "@types/react": "*"
      }
    },
    "ajv": {
      "version": "6.12.5",
      "resolved": "https://registry.npmjs.org/ajv/-/ajv-6.12.5.tgz",
      "integrity": "sha512-lRF8RORchjpKG50/WFf8xmg7sgCLFiYNNnqdKflk63whMQcWR5ngGjiSXkL9bjxy6B2npOK2HSMN49jEBMSkag==",
      "requires": {
        "fast-deep-equal": "^3.1.1",
        "fast-json-stable-stringify": "^2.0.0",
        "json-schema-traverse": "^0.4.1",
        "uri-js": "^4.2.2"
      }
    },
    "ajv-i18n": {
      "version": "3.5.0",
      "resolved": "https://registry.npmjs.org/ajv-i18n/-/ajv-i18n-3.5.0.tgz",
      "integrity": "sha512-IR8uhRH0La4DweKHqBOVeoNo2prJ3bowWzGtNS3uDvYv5wKLgH/WQsoh6gHPVxTWXCGr+R+6I5vXDSXGAYnNPA=="
    },
    "argparse": {
      "version": "1.0.10",
      "resolved": "https://registry.npmjs.org/argparse/-/argparse-1.0.10.tgz",
      "integrity": "sha512-o5Roy6tNG4SL/FOkCAN6RzjiakZS25RLYFrcMttJqbdd8BWrnA+fGz57iN5Pb06pvBGvl5gQ0B48dJlslXvoTg==",
      "requires": {
        "sprintf-js": "~1.0.2"
      }
    },
    "call-me-maybe": {
      "version": "1.0.1",
      "resolved": "https://registry.npmjs.org/call-me-maybe/-/call-me-maybe-1.0.1.tgz",
      "integrity": "sha1-JtII6onje1y95gJQoV8DHBak1ms="
    },
    "clsx": {
      "version": "1.1.1",
      "resolved": "https://registry.npmjs.org/clsx/-/clsx-1.1.1.tgz",
      "integrity": "sha512-6/bPho624p3S2pMyvP5kKBPXnI3ufHLObBFCfgx+LkeR5lg2XYy2hqZqUf45ypD8COn2bhgGJSUE+l5dhNBieA=="
    },
    "css-vendor": {
      "version": "2.0.8",
      "resolved": "https://registry.npmjs.org/css-vendor/-/css-vendor-2.0.8.tgz",
      "integrity": "sha512-x9Aq0XTInxrkuFeHKbYC7zWY8ai7qJ04Kxd9MnvbC1uO5DagxoHQjm4JvG+vCdXOoFtCjbL2XSZfxmoYa9uQVQ==",
      "requires": {
        "@babel/runtime": "^7.8.3",
        "is-in-browser": "^1.0.2"
      }
    },
    "csstype": {
      "version": "2.6.13",
      "resolved": "https://registry.npmjs.org/csstype/-/csstype-2.6.13.tgz",
      "integrity": "sha512-ul26pfSQTZW8dcOnD2iiJssfXw0gdNVX9IJDH/X3K5DGPfj+fUYe3kB+swUY6BF3oZDxaID3AJt+9/ojSAE05A=="
    },
    "dom-helpers": {
      "version": "5.2.0",
      "resolved": "https://registry.npmjs.org/dom-helpers/-/dom-helpers-5.2.0.tgz",
      "integrity": "sha512-Ru5o9+V8CpunKnz5LGgWXkmrH/20cGKwcHwS4m73zIvs54CN9epEmT/HLqFJW3kXpakAFkEdzgy1hzlJe3E4OQ==",
      "requires": {
        "@babel/runtime": "^7.8.7",
        "csstype": "^3.0.2"
      },
      "dependencies": {
        "csstype": {
          "version": "3.0.3",
          "resolved": "https://registry.npmjs.org/csstype/-/csstype-3.0.3.tgz",
          "integrity": "sha512-jPl+wbWPOWJ7SXsWyqGRk3lGecbar0Cb0OvZF/r/ZU011R4YqiRehgkQ9p4eQfo9DSDLqLL3wHwfxeJiuIsNag=="
        }
      }
    },
    "esprima": {
      "version": "4.0.1",
      "resolved": "https://registry.npmjs.org/esprima/-/esprima-4.0.1.tgz",
      "integrity": "sha512-eGuFFw7Upda+g4p+QHvnW0RyTX/SVeJBDM/gCtMARO0cLuT2HcEKnTPvhjV6aGeqrCB/sbNop0Kszm0jsaWU4A=="
    },
    "fast-deep-equal": {
      "version": "3.1.3",
      "resolved": "https://registry.npmjs.org/fast-deep-equal/-/fast-deep-equal-3.1.3.tgz",
      "integrity": "sha512-f3qQ9oQy9j2AhBe/H9VC91wLmKBCCU/gDOnKNAYG5hswO7BLKj09Hc5HYNz9cGI++xlpDCIgDaitVs03ATR84Q=="
    },
    "fast-json-stable-stringify": {
      "version": "2.1.0",
      "resolved": "https://registry.npmjs.org/fast-json-stable-stringify/-/fast-json-stable-stringify-2.1.0.tgz",
      "integrity": "sha512-lhd/wF+Lk98HZoTCtlVraHtfh5XYijIjalXck7saUtuanSDyLMxnHhSXEDJqHxD7msR8D0uCmqlkwjCV8xvwHw=="
    },
    "hoist-non-react-statics": {
      "version": "3.3.2",
      "resolved": "https://registry.npmjs.org/hoist-non-react-statics/-/hoist-non-react-statics-3.3.2.tgz",
      "integrity": "sha512-/gGivxi8JPKWNm/W0jSmzcMPpfpPLc3dY/6GxhX2hQ9iGj3aDfklV4ET7NjKpSinLpJ5vafa9iiGIEZg10SfBw==",
      "requires": {
        "react-is": "^16.7.0"
      }
    },
    "hyphenate-style-name": {
      "version": "1.0.4",
      "resolved": "https://registry.npmjs.org/hyphenate-style-name/-/hyphenate-style-name-1.0.4.tgz",
      "integrity": "sha512-ygGZLjmXfPHj+ZWh6LwbC37l43MhfztxetbFCoYTM2VjkIUpeHgSNn7QIyVFj7YQ1Wl9Cbw5sholVJPzWvC2MQ=="
    },
    "is-in-browser": {
      "version": "1.1.3",
      "resolved": "https://registry.npmjs.org/is-in-browser/-/is-in-browser-1.1.3.tgz",
      "integrity": "sha1-Vv9NtoOgeMYILrldrX3GLh0E+DU="
    },
    "js-tokens": {
      "version": "4.0.0",
      "resolved": "https://registry.npmjs.org/js-tokens/-/js-tokens-4.0.0.tgz",
      "integrity": "sha512-RdJUflcE3cUzKiMqQgsCu06FPu9UdIJO0beYbPhHN4k6apgJtifcoCtT9bcxOpYBtpD2kCM6Sbzg4CausW/PKQ=="
    },
    "js-yaml": {
      "version": "3.14.0",
      "resolved": "https://registry.npmjs.org/js-yaml/-/js-yaml-3.14.0.tgz",
      "integrity": "sha512-/4IbIeHcD9VMHFqDR/gQ7EdZdLimOvW2DdcxFjdyyZ9NsbS+ccrXqVWDtab/lRl5AlUqmpBx8EhPaWR+OtY17A==",
      "requires": {
        "argparse": "^1.0.7",
        "esprima": "^4.0.0"
      }
    },
    "json-schema-ref-parser": {
      "version": "7.1.3",
      "resolved": "https://registry.npmjs.org/json-schema-ref-parser/-/json-schema-ref-parser-7.1.3.tgz",
      "integrity": "sha512-/Lmyl0PW27dOmCO03PI339+1gs4Z2PlqIyUgzIOtoRp08zkkMCB30TRbdppbPO7WWzZX0uT98HqkDiZSujkmbA==",
      "requires": {
        "call-me-maybe": "^1.0.1",
        "js-yaml": "^3.13.1",
        "ono": "^6.0.0"
      }
    },
    "json-schema-traverse": {
      "version": "0.4.1",
      "resolved": "https://registry.npmjs.org/json-schema-traverse/-/json-schema-traverse-0.4.1.tgz",
      "integrity": "sha512-xbbCH5dCYU5T8LcEhhuh7HJ88HXuW3qsI3Y0zOZFKfZEHcpWiHU/Jxzk629Brsab/mMiHQti9wMP+845RPe3Vg=="
    },
    "jss": {
      "version": "10.4.0",
      "resolved": "https://registry.npmjs.org/jss/-/jss-10.4.0.tgz",
      "integrity": "sha512-l7EwdwhsDishXzqTc3lbsbyZ83tlUl5L/Hb16pHCvZliA9lRDdNBZmHzeJHP0sxqD0t1mrMmMR8XroR12JBYzw==",
      "requires": {
        "@babel/runtime": "^7.3.1",
        "csstype": "^3.0.2",
        "is-in-browser": "^1.1.3",
        "tiny-warning": "^1.0.2"
      },
      "dependencies": {
        "csstype": {
          "version": "3.0.3",
          "resolved": "https://registry.npmjs.org/csstype/-/csstype-3.0.3.tgz",
          "integrity": "sha512-jPl+wbWPOWJ7SXsWyqGRk3lGecbar0Cb0OvZF/r/ZU011R4YqiRehgkQ9p4eQfo9DSDLqLL3wHwfxeJiuIsNag=="
        }
      }
    },
    "jss-plugin-camel-case": {
      "version": "10.4.0",
      "resolved": "https://registry.npmjs.org/jss-plugin-camel-case/-/jss-plugin-camel-case-10.4.0.tgz",
      "integrity": "sha512-9oDjsQ/AgdBbMyRjc06Kl3P8lDCSEts2vYZiPZfGAxbGCegqE4RnMob3mDaBby5H9vL9gWmyyImhLRWqIkRUCw==",
      "requires": {
        "@babel/runtime": "^7.3.1",
        "hyphenate-style-name": "^1.0.3",
        "jss": "10.4.0"
      }
    },
    "jss-plugin-default-unit": {
      "version": "10.4.0",
      "resolved": "https://registry.npmjs.org/jss-plugin-default-unit/-/jss-plugin-default-unit-10.4.0.tgz",
      "integrity": "sha512-BYJ+Y3RUYiMEgmlcYMLqwbA49DcSWsGgHpVmEEllTC8MK5iJ7++pT9TnKkKBnNZZxTV75ycyFCR5xeLSOzVm4A==",
      "requires": {
        "@babel/runtime": "^7.3.1",
        "jss": "10.4.0"
      }
    },
    "jss-plugin-global": {
      "version": "10.4.0",
      "resolved": "https://registry.npmjs.org/jss-plugin-global/-/jss-plugin-global-10.4.0.tgz",
      "integrity": "sha512-b8IHMJUmv29cidt3nI4bUI1+Mo5RZE37kqthaFpmxf5K7r2aAegGliAw4hXvA70ca6ckAoXMUl4SN/zxiRcRag==",
      "requires": {
        "@babel/runtime": "^7.3.1",
        "jss": "10.4.0"
      }
    },
    "jss-plugin-nested": {
      "version": "10.4.0",
      "resolved": "https://registry.npmjs.org/jss-plugin-nested/-/jss-plugin-nested-10.4.0.tgz",
      "integrity": "sha512-cKgpeHIxAP0ygeWh+drpLbrxFiak6zzJ2toVRi/NmHbpkNaLjTLgePmOz5+67ln3qzJiPdXXJB1tbOyYKAP4Pw==",
      "requires": {
        "@babel/runtime": "^7.3.1",
        "jss": "10.4.0",
        "tiny-warning": "^1.0.2"
      }
    },
    "jss-plugin-props-sort": {
      "version": "10.4.0",
      "resolved": "https://registry.npmjs.org/jss-plugin-props-sort/-/jss-plugin-props-sort-10.4.0.tgz",
      "integrity": "sha512-j/t0R40/2fp+Nzt6GgHeUFnHVY2kPGF5drUVlgkcwYoHCgtBDOhTTsOfdaQFW6sHWfoQYgnGV4CXdjlPiRrzwA==",
      "requires": {
        "@babel/runtime": "^7.3.1",
        "jss": "10.4.0"
      }
    },
    "jss-plugin-rule-value-function": {
      "version": "10.4.0",
      "resolved": "https://registry.npmjs.org/jss-plugin-rule-value-function/-/jss-plugin-rule-value-function-10.4.0.tgz",
      "integrity": "sha512-w8504Cdfu66+0SJoLkr6GUQlEb8keHg8ymtJXdVHWh0YvFxDG2l/nS93SI5Gfx0fV29dO6yUugXnKzDFJxrdFQ==",
      "requires": {
        "@babel/runtime": "^7.3.1",
        "jss": "10.4.0",
        "tiny-warning": "^1.0.2"
      }
    },
    "jss-plugin-vendor-prefixer": {
      "version": "10.4.0",
      "resolved": "https://registry.npmjs.org/jss-plugin-vendor-prefixer/-/jss-plugin-vendor-prefixer-10.4.0.tgz",
      "integrity": "sha512-DpF+/a+GU8hMh/948sBGnKSNfKkoHg2p9aRFUmyoyxgKjOeH9n74Ht3Yt8lOgdZsuWNJbPrvaa3U4PXKwxVpTQ==",
      "requires": {
        "@babel/runtime": "^7.3.1",
        "css-vendor": "^2.0.8",
        "jss": "10.4.0"
      }
    },
    "lodash": {
      "version": "4.17.20",
      "resolved": "https://registry.npmjs.org/lodash/-/lodash-4.17.20.tgz",
      "integrity": "sha512-PlhdFcillOINfeV7Ni6oF1TAEayyZBoZ8bcshTHqOYJYlrqzRK5hagpagky5o4HfCzzd1TRkXPMFq6cKk9rGmA=="
    },
    "loose-envify": {
      "version": "1.4.0",
      "resolved": "https://registry.npmjs.org/loose-envify/-/loose-envify-1.4.0.tgz",
      "integrity": "sha512-lyuxPGr/Wfhrlem2CL/UcnUc1zcqKAImBDzukY7Y5F/yQiNdko6+fRLevlw1HgMySw7f611UIY408EtxRSoK3Q==",
      "requires": {
        "js-tokens": "^3.0.0 || ^4.0.0"
      }
    },
    "object-assign": {
      "version": "4.1.1",
      "resolved": "https://registry.npmjs.org/object-assign/-/object-assign-4.1.1.tgz",
      "integrity": "sha1-IQmtx5ZYh8/AXLvUQsrIv7s2CGM="
    },
    "object-hash": {
      "version": "2.0.3",
      "resolved": "https://registry.npmjs.org/object-hash/-/object-hash-2.0.3.tgz",
      "integrity": "sha512-JPKn0GMu+Fa3zt3Bmr66JhokJU5BaNBIh4ZeTlaCBzrBsOeXzwcKKAK1tbLiPKgvwmPXsDvvLHoWh5Bm7ofIYg=="
    },
    "ono": {
      "version": "6.0.1",
      "resolved": "https://registry.npmjs.org/ono/-/ono-6.0.1.tgz",
      "integrity": "sha512-5rdYW/106kHqLeG22GE2MHKq+FlsxMERZev9DCzQX1zwkxnFwBivSn5i17a5O/rDmOJOdf4Wyt80UZljzx9+DA=="
    },
    "popper.js": {
      "version": "1.16.1-lts",
      "resolved": "https://registry.npmjs.org/popper.js/-/popper.js-1.16.1-lts.tgz",
      "integrity": "sha512-Kjw8nKRl1m+VrSFCoVGPph93W/qrSO7ZkqPpTf7F4bk/sqcfWK019dWBUpE/fBOsOQY1dks/Bmcbfn1heM/IsA=="
    },
    "prop-types": {
      "version": "15.7.2",
      "resolved": "https://registry.npmjs.org/prop-types/-/prop-types-15.7.2.tgz",
      "integrity": "sha512-8QQikdH7//R2vurIJSutZ1smHYTcLpRWEOlHnzcWHmBYrOGUysKwSsrC89BCiFj3CbrfJ/nXFdJepOVrY1GCHQ==",
      "requires": {
        "loose-envify": "^1.4.0",
        "object-assign": "^4.1.1",
        "react-is": "^16.8.1"
      }
    },
    "punycode": {
      "version": "2.1.1",
      "resolved": "https://registry.npmjs.org/punycode/-/punycode-2.1.1.tgz",
      "integrity": "sha512-XRsRjdf+j5ml+y/6GKHPZbrF/8p2Yga0JPtdqTIY2Xe5ohJPD9saDJJLPvp9+NSBprVvevdXZybnj2cv8OEd0A=="
    },
    "react": {
      "version": "16.13.1",
      "resolved": "https://registry.npmjs.org/react/-/react-16.13.1.tgz",
      "integrity": "sha512-YMZQQq32xHLX0bz5Mnibv1/LHb3Sqzngu7xstSM+vrkE5Kzr9xE0yMByK5kMoTK30YVJE61WfbxIFFvfeDKT1w==",
      "requires": {
        "loose-envify": "^1.1.0",
        "object-assign": "^4.1.1",
        "prop-types": "^15.6.2"
      }
    },
    "react-dom": {
      "version": "16.13.1",
      "resolved": "https://registry.npmjs.org/react-dom/-/react-dom-16.13.1.tgz",
      "integrity": "sha512-81PIMmVLnCNLO/fFOQxdQkvEq/+Hfpv24XNJfpyZhTRfO0QcmQIF/PgCa1zCOj2w1hrn12MFLyaJ/G0+Mxtfag==",
      "requires": {
        "loose-envify": "^1.1.0",
        "object-assign": "^4.1.1",
        "prop-types": "^15.6.2",
        "scheduler": "^0.19.1"
      }
    },
    "react-is": {
      "version": "16.13.1",
      "resolved": "https://registry.npmjs.org/react-is/-/react-is-16.13.1.tgz",
      "integrity": "sha512-24e6ynE2H+OKt4kqsOvNd8kBpV65zoxbA4BVsEOB3ARVWQki/DHzaUoC5KuON/BiccDaCCTZBuOcfZs70kR8bQ=="
    },
    "react-redux": {
      "version": "7.2.1",
      "resolved": "https://registry.npmjs.org/react-redux/-/react-redux-7.2.1.tgz",
      "integrity": "sha512-T+VfD/bvgGTUA74iW9d2i5THrDQWbweXP0AVNI8tNd1Rk5ch1rnMiJkDD67ejw7YBKM4+REvcvqRuWJb7BLuEg==",
      "requires": {
        "@babel/runtime": "^7.5.5",
        "hoist-non-react-statics": "^3.3.0",
        "loose-envify": "^1.4.0",
        "prop-types": "^15.7.2",
        "react-is": "^16.9.0"
      }
    },
    "react-transition-group": {
      "version": "4.4.1",
      "resolved": "https://registry.npmjs.org/react-transition-group/-/react-transition-group-4.4.1.tgz",
      "integrity": "sha512-Djqr7OQ2aPUiYurhPalTrVy9ddmFCCzwhqQmtN+J3+3DzLO209Fdr70QrN8Z3DsglWql6iY1lDWAfpFiBtuKGw==",
      "requires": {
        "@babel/runtime": "^7.5.5",
        "dom-helpers": "^5.0.1",
        "loose-envify": "^1.4.0",
        "prop-types": "^15.6.2"
      }
    },
    "redux": {
      "version": "4.0.5",
      "resolved": "https://registry.npmjs.org/redux/-/redux-4.0.5.tgz",
      "integrity": "sha512-VSz1uMAH24DM6MF72vcojpYPtrTUu3ByVWfPL1nPfVRb5mZVTve5GnNCUV53QM/BZ66xfWrm0CTWoM+Xlz8V1w==",
      "requires": {
        "loose-envify": "^1.4.0",
        "symbol-observable": "^1.2.0"
      }
    },
    "regenerator-runtime": {
      "version": "0.13.7",
      "resolved": "https://registry.npmjs.org/regenerator-runtime/-/regenerator-runtime-0.13.7.tgz",
      "integrity": "sha512-a54FxoJDIr27pgf7IgeQGxmqUNYrcV338lf/6gH456HZ/PhX+5BcwHXG9ajESmwe6WRO0tAzRUrRmNONWgkrew=="
    },
    "scheduler": {
      "version": "0.19.1",
      "resolved": "https://registry.npmjs.org/scheduler/-/scheduler-0.19.1.tgz",
      "integrity": "sha512-n/zwRWRYSUj0/3g/otKDRPMh6qv2SYMWNq85IEa8iZyAv8od9zDYpGSnpBEjNgcMNq6Scbu5KfIPxNF72R/2EA==",
      "requires": {
        "loose-envify": "^1.1.0",
        "object-assign": "^4.1.1"
      }
    },
    "sprintf-js": {
      "version": "1.0.3",
      "resolved": "https://registry.npmjs.org/sprintf-js/-/sprintf-js-1.0.3.tgz",
      "integrity": "sha1-BOaSb2YolTVPPdAVIDYzuFcpfiw="
    },
    "symbol-observable": {
      "version": "1.2.0",
      "resolved": "https://registry.npmjs.org/symbol-observable/-/symbol-observable-1.2.0.tgz",
      "integrity": "sha512-e900nM8RRtGhlV36KGEU9k65K3mPb1WV70OdjfxlG2EAuM1noi/E/BaW/uMhL7bPEssK8QV57vN3esixjUvcXQ=="
    },
    "tiny-warning": {
      "version": "1.0.3",
      "resolved": "https://registry.npmjs.org/tiny-warning/-/tiny-warning-1.0.3.tgz",
      "integrity": "sha512-lBN9zLN/oAf68o3zNXYrdCt1kP8WsiGW8Oo2ka41b2IM5JL/S1CTyX1rW0mb/zSuJun0ZUrDxx4sqvYS2FWzPA=="
    },
    "uri-js": {
      "version": "4.4.0",
      "resolved": "https://registry.npmjs.org/uri-js/-/uri-js-4.4.0.tgz",
      "integrity": "sha512-B0yRTzYdUCCn9n+F4+Gh4yIDtMQcaJsmYBDsTSG8g/OejKBodLQ2IHfN3bM7jUsRXndopT7OIXWdYqc1fjmV6g==",
      "requires": {
        "punycode": "^2.1.0"
      }
    },
    "uuid": {
      "version": "3.4.0",
      "resolved": "https://registry.npmjs.org/uuid/-/uuid-3.4.0.tgz",
      "integrity": "sha512-HjSDRw6gZE5JMggctHBcjVak08+KEVhSIiDzFnT9S9aegmp85S/bReBVTb4QTFaRNptJ9kuYaNhnbNEOkbKb/A=="
    }
  }
}
